// !$*UTF8*$!
{
	archiveVersion = 1;
	classes = {
	};
	objectVersion = 50;
	objects = {

/* Begin PBXBuildFile section */
		A5DA73052708EB61007252D7 /* AppDelegate.swift in Sources */ = {isa = PBXBuildFile; fileRef = A5DA73042708EB61007252D7 /* AppDelegate.swift */; };
		A5DA73072708EB61007252D7 /* SceneDelegate.swift in Sources */ = {isa = PBXBuildFile; fileRef = A5DA73062708EB61007252D7 /* SceneDelegate.swift */; };
		A5DA73092708EB61007252D7 /* ViewController.swift in Sources */ = {isa = PBXBuildFile; fileRef = A5DA73082708EB61007252D7 /* ViewController.swift */; };
		A5DA730C2708EB61007252D7 /* Main.storyboard in Resources */ = {isa = PBXBuildFile; fileRef = A5DA730A2708EB61007252D7 /* Main.storyboard */; };
		A5DA730E2708EB64007252D7 /* Assets.xcassets in Resources */ = {isa = PBXBuildFile; fileRef = A5DA730D2708EB64007252D7 /* Assets.xcassets */; };
		A5DA73112708EB64007252D7 /* LaunchScreen.storyboard in Resources */ = {isa = PBXBuildFile; fileRef = A5DA730F2708EB64007252D7 /* LaunchScreen.storyboard */; };
		A5DA731B2708EE19007252D7 /* Hardcode.swift in Sources */ = {isa = PBXBuildFile; fileRef = A5DA731A2708EE19007252D7 /* Hardcode.swift */; };
		A5DA731E2708F282007252D7 /* Heap.swift in Sources */ = {isa = PBXBuildFile; fileRef = A5DA731D2708F282007252D7 /* Heap.swift */; };
/* End PBXBuildFile section */

/* Begin PBXFileReference section */
		A5DA73012708EB61007252D7 /* MugNT.app */ = {isa = PBXFileReference; explicitFileType = wrapper.application; includeInIndex = 0; path = MugNT.app; sourceTree = BUILT_PRODUCTS_DIR; };
		A5DA73042708EB61007252D7 /* AppDelegate.swift */ = {isa = PBXFileReference; lastKnownFileType = sourcecode.swift; path = AppDelegate.swift; sourceTree = "<group>"; };
		A5DA73062708EB61007252D7 /* SceneDelegate.swift */ = {isa = PBXFileReference; lastKnownFileType = sourcecode.swift; path = SceneDelegate.swift; sourceTree = "<group>"; };
		A5DA73082708EB61007252D7 /* ViewController.swift */ = {isa = PBXFileReference; lastKnownFileType = sourcecode.swift; path = ViewController.swift; sourceTree = "<group>"; };
		A5DA730B2708EB61007252D7 /* Base */ = {isa = PBXFileReference; lastKnownFileType = file.storyboard; name = Base; path = Base.lproj/Main.storyboard; sourceTree = "<group>"; };
		A5DA730D2708EB64007252D7 /* Assets.xcassets */ = {isa = PBXFileReference; lastKnownFileType = folder.assetcatalog; path = Assets.xcassets; sourceTree = "<group>"; };
		A5DA73102708EB64007252D7 /* Base */ = {isa = PBXFileReference; lastKnownFileType = file.storyboard; name = Base; path = Base.lproj/LaunchScreen.storyboard; sourceTree = "<group>"; };
		A5DA73122708EB64007252D7 /* Info.plist */ = {isa = PBXFileReference; lastKnownFileType = text.plist.xml; path = Info.plist; sourceTree = "<group>"; };
		A5DA731A2708EE19007252D7 /* Hardcode.swift */ = {isa = PBXFileReference; lastKnownFileType = sourcecode.swift; path = Hardcode.swift; sourceTree = "<group>"; };
		A5DA731D2708F282007252D7 /* Heap.swift */ = {isa = PBXFileReference; lastKnownFileType = sourcecode.swift; path = Heap.swift; sourceTree = "<group>"; };
/* End PBXFileReference section */

/* Begin PBXFrameworksBuildPhase section */
		A5DA72FE2708EB61007252D7 /* Frameworks */ = {
			isa = PBXFrameworksBuildPhase;
			buildActionMask = 2147483647;
			files = (
			);
			runOnlyForDeploymentPostprocessing = 0;
		};
/* End PBXFrameworksBuildPhase section */

/* Begin PBXGroup section */
		A5DA72F82708EB61007252D7 = {
			isa = PBXGroup;
			children = (
				A5DA73032708EB61007252D7 /* MugNT */,
				A5DA73022708EB61007252D7 /* Products */,
			);
			sourceTree = "<group>";
		};
		A5DA73022708EB61007252D7 /* Products */ = {
			isa = PBXGroup;
			children = (
				A5DA73012708EB61007252D7 /* MugNT.app */,
			);
			name = Products;
			sourceTree = "<group>";
		};
		A5DA73032708EB61007252D7 /* MugNT */ = {
			isa = PBXGroup;
			children = (
				A5DA73042708EB61007252D7 /* AppDelegate.swift */,
				A5DA73062708EB61007252D7 /* SceneDelegate.swift */,
				A5DA73082708EB61007252D7 /* ViewController.swift */,
				A5DA731A2708EE19007252D7 /* Hardcode.swift */,
				A5DA730A2708EB61007252D7 /* Main.storyboard */,
				A5DA730D2708EB64007252D7 /* Assets.xcassets */,
				A5DA730F2708EB64007252D7 /* LaunchScreen.storyboard */,
				A5DA73122708EB64007252D7 /* Info.plist */,
				A5DA731D2708F282007252D7 /* Heap.swift */,
			);
			path = MugNT;
			sourceTree = "<group>";
		};
/* End PBXGroup section */

/* Begin PBXNativeTarget section */
		A5DA73002708EB61007252D7 /* MugNT */ = {
			isa = PBXNativeTarget;
			buildConfigurationList = A5DA73152708EB64007252D7 /* Build configuration list for PBXNativeTarget "MugNT" */;
			buildPhases = (
				A5DA72FD2708EB61007252D7 /* Sources */,
				A5DA72FE2708EB61007252D7 /* Frameworks */,
				A5DA72FF2708EB61007252D7 /* Resources */,
			);
			buildRules = (
			);
			dependencies = (
			);
			name = MugNT;
			productName = MugNT;
			productReference = A5DA73012708EB61007252D7 /* MugNT.app */;
			productType = "com.apple.product-type.application";
		};
/* End PBXNativeTarget section */

/* Begin PBXProject section */
		A5DA72F92708EB61007252D7 /* Project object */ = {
			isa = PBXProject;
			attributes = {
				LastSwiftUpdateCheck = 1240;
				LastUpgradeCheck = 1240;
				TargetAttributes = {
					A5DA73002708EB61007252D7 = {
						CreatedOnToolsVersion = 12.4;
					};
				};
			};
			buildConfigurationList = A5DA72FC2708EB61007252D7 /* Build configuration list for PBXProject "MugNT" */;
			compatibilityVersion = "Xcode 9.3";
			developmentRegion = en;
			hasScannedForEncodings = 0;
			knownRegions = (
				en,
				Base,
			);
			mainGroup = A5DA72F82708EB61007252D7;
			productRefGroup = A5DA73022708EB61007252D7 /* Products */;
			projectDirPath = "";
			projectRoot = "";
			targets = (
				A5DA73002708EB61007252D7 /* MugNT */,
			);
		};
/* End PBXProject section */

/* Begin PBXResourcesBuildPhase section */
		A5DA72FF2708EB61007252D7 /* Resources */ = {
			isa = PBXResourcesBuildPhase;
			buildActionMask = 2147483647;
			files = (
				A5DA73112708EB64007252D7 /* LaunchScreen.storyboard in Resources */,
				A5DA730E2708EB64007252D7 /* Assets.xcassets in Resources */,
				A5DA730C2708EB61007252D7 /* Main.storyboard in Resources */,
			);
			runOnlyForDeploymentPostprocessing = 0;
		};
/* End PBXResourcesBuildPhase section */

/* Begin PBXSourcesBuildPhase section */
		A5DA72FD2708EB61007252D7 /* Sources */ = {
			isa = PBXSourcesBuildPhase;
			buildActionMask = 2147483647;
			files = (
				A5DA73092708EB61007252D7 /* ViewController.swift in Sources */,
				A5DA731E2708F282007252D7 /* Heap.swift in Sources */,
				A5DA73052708EB61007252D7 /* AppDelegate.swift in Sources */,
				A5DA73072708EB61007252D7 /* SceneDelegate.swift in Sources */,
				A5DA731B2708EE19007252D7 /* Hardcode.swift in Sources */,
			);
			runOnlyForDeploymentPostprocessing = 0;
		};
/* End PBXSourcesBuildPhase section */

/* Begin PBXVariantGroup section */
		A5DA730A2708EB61007252D7 /* Main.storyboard */ = {
			isa = PBXVariantGroup;
			children = (
				A5DA730B2708EB61007252D7 /* Base */,
			);
			name = Main.storyboard;
			sourceTree = "<group>";
		};
		A5DA730F2708EB64007252D7 /* LaunchScreen.storyboard */ = {
			isa = PBXVariantGroup;
			children = (
				A5DA73102708EB64007252D7 /* Base */,
			);
			name = LaunchScreen.storyboard;
			sourceTree = "<group>";
		};
/* End PBXVariantGroup section */

/* Begin XCBuildConfiguration section */
		A5DA73132708EB64007252D7 /* Debug */ = {
			isa = XCBuildConfiguration;
			buildSettings = {
				ALWAYS_SEARCH_USER_PATHS = NO;
				CLANG_ANALYZER_NONNULL = YES;
				CLANG_ANALYZER_NUMBER_OBJECT_CONVERSION = YES_AGGRESSIVE;
				CLANG_CXX_LANGUAGE_STANDARD = "gnu++14";
				CLANG_CXX_LIBRARY = "libc++";
				CLANG_ENABLE_MODULES = YES;
				CLANG_ENABLE_OBJC_ARC = YES;
				CLANG_ENABLE_OBJC_WEAK = YES;
				CLANG_WARN_BLOCK_CAPTURE_AUTORELEASING = YES;
				CLANG_WARN_BOOL_CONVERSION = YES;
				CLANG_WARN_COMMA = YES;
				CLANG_WARN_CONSTANT_CONVERSION = YES;
				CLANG_WARN_DEPRECATED_OBJC_IMPLEMENTATIONS = YES;
				CLANG_WARN_DIRECT_OBJC_ISA_USAGE = YES_ERROR;
				CLANG_WARN_DOCUMENTATION_COMMENTS = YES;
				CLANG_WARN_EMPTY_BODY = YES;
				CLANG_WARN_ENUM_CONVERSION = YES;
				CLANG_WARN_INFINITE_RECURSION = YES;
				CLANG_WARN_INT_CONVERSION = YES;
				CLANG_WARN_NON_LITERAL_NULL_CONVERSION = YES;
				CLANG_WARN_OBJC_IMPLICIT_RETAIN_SELF = YES;
				CLANG_WARN_OBJC_LITERAL_CONVERSION = YES;
				CLANG_WARN_OBJC_ROOT_CLASS = YES_ERROR;
				CLANG_WARN_QUOTED_INCLUDE_IN_FRAMEWORK_HEADER = YES;
				CLANG_WARN_RANGE_LOOP_ANALYSIS = YES;
				CLANG_WARN_STRICT_PROTOTYPES = YES;
				CLANG_WARN_SUSPICIOUS_MOVE = YES;
				CLANG_WARN_UNGUARDED_AVAILABILITY = YES_AGGRESSIVE;
				CLANG_WARN_UNREACHABLE_CODE = YES;
				CLANG_WARN__DUPLICATE_METHOD_MATCH = YES;
				COPY_PHASE_STRIP = NO;
				DEBUG_INFORMATION_FORMAT = dwarf;
				ENABLE_STRICT_OBJC_MSGSEND = YES;
				ENABLE_TESTABILITY = YES;
				GCC_C_LANGUAGE_STANDARD = gnu11;
				GCC_DYNAMIC_NO_PIC = NO;
				GCC_NO_COMMON_BLOCKS = YES;
				GCC_OPTIMIZATION_LEVEL = 0;
				GCC_PREPROCESSOR_DEFINITIONS = (
					"DEBUG=1",
					"$(inherited)",
				);
				GCC_WARN_64_TO_32_BIT_CONVERSION = YES;
				GCC_WARN_ABOUT_RETURN_TYPE = YES_ERROR;
				GCC_WARN_UNDECLARED_SELECTOR = YES;
				GCC_WARN_UNINITIALIZED_AUTOS = YES_AGGRESSIVE;
				GCC_WARN_UNUSED_FUNCTION = YES;
				GCC_WARN_UNUSED_VARIABLE = YES;
				IPHONEOS_DEPLOYMENT_TARGET = 14.4;
				MTL_ENABLE_DEBUG_INFO = INCLUDE_SOURCE;
				MTL_FAST_MATH = YES;
				ONLY_ACTIVE_ARCH = YES;
				SDKROOT = iphoneos;
				SWIFT_ACTIVE_COMPILATION_CONDITIONS = DEBUG;
				SWIFT_OPTIMIZATION_LEVEL = "-Onone";
			};
			name = Debug;
		};
		A5DA73142708EB64007252D7 /* Release */ = {
			isa = XCBuildConfiguration;
			buildSettings = {
				ALWAYS_SEARCH_USER_PATHS = NO;
				CLANG_ANALYZER_NONNULL = YES;
				CLANG_ANALYZER_NUMBER_OBJECT_CONVERSION = YES_AGGRESSIVE;
				CLANG_CXX_LANGUAGE_STANDARD = "gnu++14";
				CLANG_CXX_LIBRARY = "libc++";
				CLANG_ENABLE_MODULES = YES;
				CLANG_ENABLE_OBJC_ARC = YES;
				CLANG_ENABLE_OBJC_WEAK = YES;
				CLANG_WARN_BLOCK_CAPTURE_AUTORELEASING = YES;
				CLANG_WARN_BOOL_CONVERSION = YES;
				CLANG_WARN_COMMA = YES;
				CLANG_WARN_CONSTANT_CONVERSION = YES;
				CLANG_WARN_DEPRECATED_OBJC_IMPLEMENTATIONS = YES;
				CLANG_WARN_DIRECT_OBJC_ISA_USAGE = YES_ERROR;
				CLANG_WARN_DOCUMENTATION_COMMENTS = YES;
				CLANG_WARN_EMPTY_BODY = YES;
				CLANG_WARN_ENUM_CONVERSION = YES;
				CLANG_WARN_INFINITE_RECURSION = YES;
				CLANG_WARN_INT_CONVERSION = YES;
				CLANG_WARN_NON_LITERAL_NULL_CONVERSION = YES;
				CLANG_WARN_OBJC_IMPLICIT_RETAIN_SELF = YES;
				CLANG_WARN_OBJC_LITERAL_CONVERSION = YES;
				CLANG_WARN_OBJC_ROOT_CLASS = YES_ERROR;
				CLANG_WARN_QUOTED_INCLUDE_IN_FRAMEWORK_HEADER = YES;
				CLANG_WARN_RANGE_LOOP_ANALYSIS = YES;
				CLANG_WARN_STRICT_PROTOTYPES = YES;
				CLANG_WARN_SUSPICIOUS_MOVE = YES;
				CLANG_WARN_UNGUARDED_AVAILABILITY = YES_AGGRESSIVE;
				CLANG_WARN_UNREACHABLE_CODE = YES;
				CLANG_WARN__DUPLICATE_METHOD_MATCH = YES;
				COPY_PHASE_STRIP = NO;
				DEBUG_INFORMATION_FORMAT = "dwarf-with-dsym";
				ENABLE_NS_ASSERTIONS = NO;
				ENABLE_STRICT_OBJC_MSGSEND = YES;
				GCC_C_LANGUAGE_STANDARD = gnu11;
				GCC_NO_COMMON_BLOCKS = YES;
				GCC_WARN_64_TO_32_BIT_CONVERSION = YES;
				GCC_WARN_ABOUT_RETURN_TYPE = YES_ERROR;
				GCC_WARN_UNDECLARED_SELECTOR = YES;
				GCC_WARN_UNINITIALIZED_AUTOS = YES_AGGRESSIVE;
				GCC_WARN_UNUSED_FUNCTION = YES;
				GCC_WARN_UNUSED_VARIABLE = YES;
				IPHONEOS_DEPLOYMENT_TARGET = 14.4;
				MTL_ENABLE_DEBUG_INFO = NO;
				MTL_FAST_MATH = YES;
				SDKROOT = iphoneos;
				SWIFT_COMPILATION_MODE = wholemodule;
				SWIFT_OPTIMIZATION_LEVEL = "-O";
				VALIDATE_PRODUCT = YES;
			};
			name = Release;
		};
		A5DA73162708EB64007252D7 /* Debug */ = {
			isa = XCBuildConfiguration;
			buildSettings = {
				ASSETCATALOG_COMPILER_APPICON_NAME = AppIcon;
				ASSETCATALOG_COMPILER_GLOBAL_ACCENT_COLOR_NAME = AccentColor;
				CODE_SIGN_STYLE = Automatic;
				DEVELOPMENT_TEAM = RU98L5T7A5;
				INFOPLIST_FILE = MugNT/Info.plist;
				LD_RUNPATH_SEARCH_PATHS = (
					"$(inherited)",
					"@executable_path/Frameworks",
				);
				PRODUCT_BUNDLE_IDENTIFIER = mugnt.MugNT;
				PRODUCT_NAME = "$(TARGET_NAME)";
				SWIFT_VERSION = 5.0;
				TARGETED_DEVICE_FAMILY = 1;
			};
			name = Debug;
		};
		A5DA73172708EB64007252D7 /* Release */ = {
			isa = XCBuildConfiguration;
			buildSettings = {
				ASSETCATALOG_COMPILER_APPICON_NAME = AppIcon;
				ASSETCATALOG_COMPILER_GLOBAL_ACCENT_COLOR_NAME = AccentColor;
				CODE_SIGN_STYLE = Automatic;
				DEVELOPMENT_TEAM = RU98L5T7A5;
				INFOPLIST_FILE = MugNT/Info.plist;
				LD_RUNPATH_SEARCH_PATHS = (
					"$(inherited)",
					"@executable_path/Frameworks",
				);
				PRODUCT_BUNDLE_IDENTIFIER = mugnt.MugNT;
				PRODUCT_NAME = "$(TARGET_NAME)";
				SWIFT_VERSION = 5.0;
				TARGETED_DEVICE_FAMILY = 1;
			};
			name = Release;
		};
/* End XCBuildConfiguration section */

/* Begin XCConfigurationList section */
		A5DA72FC2708EB61007252D7 /* Build configuration list for PBXProject "MugNT" */ = {
			isa = XCConfigurationList;
			buildConfigurations = (
				A5DA73132708EB64007252D7 /* Debug */,
				A5DA73142708EB64007252D7 /* Release */,
			);
			defaultConfigurationIsVisible = 0;
			defaultConfigurationName = Release;
		};
		A5DA73152708EB64007252D7 /* Build configuration list for PBXNativeTarget "MugNT" */ = {
			isa = XCConfigurationList;
			buildConfigurations = (
				A5DA73162708EB64007252D7 /* Debug */,
				A5DA73172708EB64007252D7 /* Release */,
			);
			defaultConfigurationIsVisible = 0;
			defaultConfigurationName = Release;
		};
/* End XCConfigurationList section */
	};
	rootObject = A5DA72F92708EB61007252D7 /* Project object */;
}
